{
  "name": "songtreasures-js",
  "version": "1.0.0",
  "lockfileVersion": 2,
  "requires": true,
  "packages": {
    "": {
      "name": "songtreasures-js",
      "version": "1.0.0",
      "license": "ISC",
      "dependencies": {
        "dexie": "^3.2.0"
      }
    },
    "node_modules/dexie": {
      "version": "3.2.0",
      "resolved": "https://registry.npmjs.org/dexie/-/dexie-3.2.0.tgz",
      "integrity": "sha512-OpS8ss1CLHYAhxRu6hT+/Gt1uLhKCf0O18xHBdRGlemOWXXRiiOZ0ty1/bACIJzGt1DGmvarzrPwYYt9EkRZfw==",
      "engines": {
        "node": ">=6.0"
      }
    }
  },
  "dependencies": {
    "dexie": {
      "version": "3.2.0",
      "resolved": "https://registry.npmjs.org/dexie/-/dexie-3.2.0.tgz",
      "integrity": "sha512-OpS8ss1CLHYAhxRu6hT+/Gt1uLhKCf0O18xHBdRGlemOWXXRiiOZ0ty1/bACIJzGt1DGmvarzrPwYYt9EkRZfw=="
    }
  }
}
